
Microsoft Visual Studio Solution File, Format Version 12.00
# Visual Studio Version 16
VisualStudioVersion = 16.0.28803.202
MinimumVisualStudioVersion = 10.0.40219.1
Project("{8BC9CEB8-8B4A-11D0-8D11-00A0C91BC942}") = "AppFS1", "AppFS1\AppFS1.vcxproj", "{88D49109-44CE-4C98-B577-C4E4B78C7FC1}"
EndProject
Global
	GlobalSection(SolutionConfigurationPlatforms) = preSolution
		Debug|x64 = Debug|x64
		Debug|x86 = Debug|x86
		Release|x64 = Release|x64
		Release|x86 = Release|x86
	EndGlobalSection
	GlobalSection(ProjectConfigurationPlatforms) = postSolution
		{88D49109-44CE-4C98-B577-C4E4B78C7FC1}.Debug|x64.ActiveCfg = Debug|x64
		{88D49109-44CE-4C98-B577-C4E4B78C7FC1}.Debug|x64.Build.0 = Debug|x64
		{88D49109-44CE-4C98-B577-C4E4B78C7FC1}.Debug|x86.ActiveCfg = Debug|Win32
		{88D49109-44CE-4C98-B577-C4E4B78C7FC1}.Debug|x86.Build.0 = Debug|Win32
		{88D49109-44CE-4C98-B577-C4E4B78C7FC1}.Release|x64.ActiveCfg = Release|x64
		{88D49109-44CE-4C98-B577-C4E4B78C7FC1}.Release|x64.Build.0 = Release|x64
		{88D49109-44CE-4C98-B577-C4E4B78C7FC1}.Release|x86.ActiveCfg = Release|Win32
		{88D49109-44CE-4C98-B577-C4E4B78C7FC1}.Release|x86.Build.0 = Release|Win32
	EndGlobalSection
	GlobalSection(SolutionProperties) = preSolution
		HideSolutionNode = FALSE
	EndGlobalSection
	GlobalSection(ExtensibilityGlobals) = postSolution
		SolutionGuid = {E1CCE253-BDEB-4BFC-8846-59685A34DA15}
	EndGlobalSection
EndGlobal
